
Microsoft Visual Studio Solution File, Format Version 12.00
# Visual Studio 14
VisualStudioVersion = 14.0.25420.1
MinimumVisualStudioVersion = 10.0.40219.1
Project("{FAE04EC0-301F-11D3-BF4B-00C04F79EFBC}") = "DemoDI", "DemoDI\DemoDI.csproj", "{E6BA8729-E768-4894-A26B-24EEF9E7CBE6}"
EndProject
Project("{FAE04EC0-301F-11D3-BF4B-00C04F79EFBC}") = "DemoDI.BL", "DemoDI.BL\DemoDI.BL.csproj", "{991A67D3-A906-4F15-AC30-71E0477749F5}"
EndProject
Project("{FAE04EC0-301F-11D3-BF4B-00C04F79EFBC}") = "DemoDI.Model", "DemoDI.Model\DemoDI.Model.csproj", "{002CC512-E5E1-449D-AAC2-B515A68F1D03}"
EndProject
Project("{FAE04EC0-301F-11D3-BF4B-00C04F79EFBC}") = "DemoWebAPI", "DemoWebAPI\DemoWebAPI.csproj", "{5CF9E5FA-CEBB-4BEC-A686-359637D32B85}"
EndProject
Global
	GlobalSection(SolutionConfigurationPlatforms) = preSolution
		Debug|Any CPU = Debug|Any CPU
		Release|Any CPU = Release|Any CPU
	EndGlobalSection
	GlobalSection(ProjectConfigurationPlatforms) = postSolution
		{E6BA8729-E768-4894-A26B-24EEF9E7CBE6}.Debug|Any CPU.ActiveCfg = Debug|Any CPU
		{E6BA8729-E768-4894-A26B-24EEF9E7CBE6}.Debug|Any CPU.Build.0 = Debug|Any CPU
		{E6BA8729-E768-4894-A26B-24EEF9E7CBE6}.Release|Any CPU.ActiveCfg = Release|Any CPU
		{E6BA8729-E768-4894-A26B-24EEF9E7CBE6}.Release|Any CPU.Build.0 = Release|Any CPU
		{991A67D3-A906-4F15-AC30-71E0477749F5}.Debug|Any CPU.ActiveCfg = Debug|Any CPU
		{991A67D3-A906-4F15-AC30-71E0477749F5}.Debug|Any CPU.Build.0 = Debug|Any CPU
		{991A67D3-A906-4F15-AC30-71E0477749F5}.Release|Any CPU.ActiveCfg = Release|Any CPU
		{991A67D3-A906-4F15-AC30-71E0477749F5}.Release|Any CPU.Build.0 = Release|Any CPU
		{002CC512-E5E1-449D-AAC2-B515A68F1D03}.Debug|Any CPU.ActiveCfg = Debug|Any CPU
		{002CC512-E5E1-449D-AAC2-B515A68F1D03}.Debug|Any CPU.Build.0 = Debug|Any CPU
		{002CC512-E5E1-449D-AAC2-B515A68F1D03}.Release|Any CPU.ActiveCfg = Release|Any CPU
		{002CC512-E5E1-449D-AAC2-B515A68F1D03}.Release|Any CPU.Build.0 = Release|Any CPU
		{5CF9E5FA-CEBB-4BEC-A686-359637D32B85}.Debug|Any CPU.ActiveCfg = Debug|Any CPU
		{5CF9E5FA-CEBB-4BEC-A686-359637D32B85}.Debug|Any CPU.Build.0 = Debug|Any CPU
		{5CF9E5FA-CEBB-4BEC-A686-359637D32B85}.Release|Any CPU.ActiveCfg = Release|Any CPU
		{5CF9E5FA-CEBB-4BEC-A686-359637D32B85}.Release|Any CPU.Build.0 = Release|Any CPU
	EndGlobalSection
	GlobalSection(SolutionProperties) = preSolution
		HideSolutionNode = FALSE
	EndGlobalSection
EndGlobal
